
Microsoft Visual Studio Solution File, Format Version 12.00
# Visual Studio Version 16
VisualStudioVersion = 16.0.29911.84
MinimumVisualStudioVersion = 10.0.40219.1
Project("{FAE04EC0-301F-11D3-BF4B-00C04F79EFBC}") = "TugasWorkshop", "TugasWorkshop\TugasWorkshop.csproj", "{18CF32AE-BBE3-4D02-BC2D-F5A69C80FDCA}"
EndProject
Global
	GlobalSection(SolutionConfigurationPlatforms) = preSolution
		Debug|Any CPU = Debug|Any CPU
		Release|Any CPU = Release|Any CPU
	EndGlobalSection
	GlobalSection(ProjectConfigurationPlatforms) = postSolution
		{18CF32AE-BBE3-4D02-BC2D-F5A69C80FDCA}.Debug|Any CPU.ActiveCfg = Debug|Any CPU
		{18CF32AE-BBE3-4D02-BC2D-F5A69C80FDCA}.Debug|Any CPU.Build.0 = Debug|Any CPU
		{18CF32AE-BBE3-4D02-BC2D-F5A69C80FDCA}.Release|Any CPU.ActiveCfg = Release|Any CPU
		{18CF32AE-BBE3-4D02-BC2D-F5A69C80FDCA}.Release|Any CPU.Build.0 = Release|Any CPU
	EndGlobalSection
	GlobalSection(SolutionProperties) = preSolution
		HideSolutionNode = FALSE
	EndGlobalSection
	GlobalSection(ExtensibilityGlobals) = postSolution
		SolutionGuid = {20C5B458-F9B0-4D20-AE76-5CB9788E69F7}
	EndGlobalSection
EndGlobal
